
Microsoft Visual Studio Solution File, Format Version 12.00
# Visual Studio Version 17
VisualStudioVersion = 17.7.34221.43
MinimumVisualStudioVersion = 10.0.40219.1
Project("{FAE04EC0-301F-11D3-BF4B-00C04F79EFBC}") = "DVLD", "DVLD\DVLD.csproj", "{9FF05472-F87D-4E54-B632-3921EA30B315}"
EndProject
Project("{FAE04EC0-301F-11D3-BF4B-00C04F79EFBC}") = "_PersonDataAccess", "_PersonDataAccess\_PersonDataAccess.csproj", "{A1B2BA47-D91E-4276-9780-C7109537081E}"
EndProject
Project("{FAE04EC0-301F-11D3-BF4B-00C04F79EFBC}") = "PersonClass", "PersonClass\PersonClass.csproj", "{357ECAD8-AAE6-4DB1-AD64-2ECBCC6305A6}"
EndProject
Project("{FAE04EC0-301F-11D3-BF4B-00C04F79EFBC}") = "PersonServiceLibrary", "PersonServiceLibrary\PersonServiceLibrary.csproj", "{CBC8783F-0D4A-4E84-BDA5-EA9C35A60120}"
EndProject
Project("{FAE04EC0-301F-11D3-BF4B-00C04F79EFBC}") = "Users", "clsUsers\Users.csproj", "{5F94D830-B0D0-4C6E-8B51-F6D34063F8A9}"
EndProject
Project("{2150E333-8FDC-42A3-9474-1A3956D46DE8}") = "DataAccessLayer", "DataAccessLayer", "{4C483D6C-63D8-455A-BE19-F5DDFE7A4723}"
EndProject
Project("{FAE04EC0-301F-11D3-BF4B-00C04F79EFBC}") = "UserDataAccess", "UserDataAccess\UserDataAccess.csproj", "{BC888449-DD6E-4017-9A85-8A29B57CD953}"
EndProject
Project("{2150E333-8FDC-42A3-9474-1A3956D46DE8}") = "PeopleClasses(bussiness layer)", "PeopleClasses(bussiness layer)", "{CF24956A-8976-48D3-91C5-69D075E435ED}"
EndProject
Project("{2150E333-8FDC-42A3-9474-1A3956D46DE8}") = "UserClasses", "UserClasses", "{E460ABCE-FF51-43F5-BFA7-0ACE483D4DFB}"
EndProject
Project("{FAE04EC0-301F-11D3-BF4B-00C04F79EFBC}") = "SecurityLib", "SecurityLibrary\SecurityLib.csproj", "{07A024FD-F029-4A8D-A1DE-CB7AFAA6CEA9}"
EndProject
Project("{FAE04EC0-301F-11D3-BF4B-00C04F79EFBC}") = "GlobalSettings", "GlobalSettings\GlobalSettings.csproj", "{0306A795-2D59-4F25-9377-73D7AF7454C9}"
EndProject
Project("{FAE04EC0-301F-11D3-BF4B-00C04F79EFBC}") = "applicationDataAccess", "ApplicationDataAccess\applicationDataAccess.csproj", "{B067EC59-45F2-4EAA-BE5E-61E2008CE775}"
EndProject
Project("{2150E333-8FDC-42A3-9474-1A3956D46DE8}") = "AppClasses", "AppClasses", "{1840D3E1-4B9B-4CFB-AD6F-4491A9D60E23}"
EndProject
Project("{FAE04EC0-301F-11D3-BF4B-00C04F79EFBC}") = "ApplicationServiceLib", "AppplicationSerivceLib\ApplicationServiceLib.csproj", "{C6887E58-C374-436B-9150-945A64945020}"
EndProject
Project("{FAE04EC0-301F-11D3-BF4B-00C04F79EFBC}") = "testDataAccess", "testDataAccess\testDataAccess.csproj", "{7E266869-6C5C-4FBC-8048-9689905F2839}"
EndProject
Project("{2150E333-8FDC-42A3-9474-1A3956D46DE8}") = "TestLibrary", "TestLibrary", "{95219F22-6C3C-4499-A018-70B4CA2A3388}"
EndProject
Project("{FAE04EC0-301F-11D3-BF4B-00C04F79EFBC}") = "testLibrary", "testLibrary\testLibrary.csproj", "{7959B5BD-85C6-4826-A40F-56BA9CB7B027}"
EndProject
Project("{FAE04EC0-301F-11D3-BF4B-00C04F79EFBC}") = "_LicenseAndDriversDataAccess", "_LicenseDataAccess\_LicenseAndDriversDataAccess.csproj", "{84806C28-C2BE-45C8-AF1C-1E244B9FDADF}"
EndProject
Project("{2150E333-8FDC-42A3-9474-1A3956D46DE8}") = "LicesnseAndDriversClasses", "LicesnseAndDriversClasses", "{0317A63B-1A7C-40FB-A2EF-92FFF9170B86}"
EndProject
Project("{FAE04EC0-301F-11D3-BF4B-00C04F79EFBC}") = "LicenseServiceLib", "LicenseServiceLib\LicenseServiceLib.csproj", "{5C8F6E74-365E-47E7-957E-824C677BF5D4}"
EndProject
Project("{FAE04EC0-301F-11D3-BF4B-00C04F79EFBC}") = "DVLD.DTOs", "DVLD.DTOs\DVLD.DTOs.csproj", "{8A7E2DA4-49E4-45E2-8F9D-BF21DB83255D}"
EndProject
Project("{2150E333-8FDC-42A3-9474-1A3956D46DE8}") = "AppointmentLibrary", "AppointmentLibrary", "{EBDD024B-707A-47A1-AB90-256C191EEE72}"
EndProject
Project("{FAE04EC0-301F-11D3-BF4B-00C04F79EFBC}") = "clsAppointmentServiceLib", "clsAppointmentService\clsAppointmentServiceLib.csproj", "{0B90B95C-FEC5-4185-BC1C-359C1AD9F947}"
EndProject
Project("{FAE04EC0-301F-11D3-BF4B-00C04F79EFBC}") = "TestAppointmentDataAccessLib", "TestAppointmentDataAccessLib\TestAppointmentDataAccessLib.csproj", "{AF056BDA-C12A-4D27-8BD5-ADF755BE4ED2}"
EndProject
Project("{2150E333-8FDC-42A3-9474-1A3956D46DE8}") = "Logic Business Layer", "Logic Business Layer", "{3706EC39-1AE0-48D8-BFC2-7A62151B6A86}"
EndProject
Project("{2150E333-8FDC-42A3-9474-1A3956D46DE8}") = "Presentaion Layer", "Presentaion Layer", "{CEFC2A28-F123-43AF-9112-BF70A2EF761B}"
EndProject
Project("{FAE04EC0-301F-11D3-BF4B-00C04F79EFBC}") = "DriverServiceLib", "DriverServiceLib\DriverServiceLib.csproj", "{01147252-41E3-442D-B5B5-9B84BF3DAF25}"
EndProject
Project("{FAE04EC0-301F-11D3-BF4B-00C04F79EFBC}") = "DetainLicenseServiceLib", "DetainLicenseServiceLib\DetainLicenseServiceLib.csproj", "{9EC30E75-BE6F-446C-BDE6-23CA61D99E27}"
EndProject
Project("{FAE04EC0-301F-11D3-BF4B-00C04F79EFBC}") = "tesetmethods", "tesetmethods\tesetmethods.csproj", "{F503B352-92D6-42C0-BCDB-20179B4A7D5B}"
EndProject
Global
	GlobalSection(SolutionConfigurationPlatforms) = preSolution
		Debug|Any CPU = Debug|Any CPU
		Release|Any CPU = Release|Any CPU
	EndGlobalSection
	GlobalSection(ProjectConfigurationPlatforms) = postSolution
		{9FF05472-F87D-4E54-B632-3921EA30B315}.Debug|Any CPU.ActiveCfg = Debug|Any CPU
		{9FF05472-F87D-4E54-B632-3921EA30B315}.Debug|Any CPU.Build.0 = Debug|Any CPU
		{9FF05472-F87D-4E54-B632-3921EA30B315}.Release|Any CPU.ActiveCfg = Release|Any CPU
		{9FF05472-F87D-4E54-B632-3921EA30B315}.Release|Any CPU.Build.0 = Release|Any CPU
		{A1B2BA47-D91E-4276-9780-C7109537081E}.Debug|Any CPU.ActiveCfg = Debug|Any CPU
		{A1B2BA47-D91E-4276-9780-C7109537081E}.Debug|Any CPU.Build.0 = Debug|Any CPU
		{A1B2BA47-D91E-4276-9780-C7109537081E}.Release|Any CPU.ActiveCfg = Release|Any CPU
		{A1B2BA47-D91E-4276-9780-C7109537081E}.Release|Any CPU.Build.0 = Release|Any CPU
		{357ECAD8-AAE6-4DB1-AD64-2ECBCC6305A6}.Debug|Any CPU.ActiveCfg = Debug|Any CPU
		{357ECAD8-AAE6-4DB1-AD64-2ECBCC6305A6}.Debug|Any CPU.Build.0 = Debug|Any CPU
		{357ECAD8-AAE6-4DB1-AD64-2ECBCC6305A6}.Release|Any CPU.ActiveCfg = Release|Any CPU
		{357ECAD8-AAE6-4DB1-AD64-2ECBCC6305A6}.Release|Any CPU.Build.0 = Release|Any CPU
		{CBC8783F-0D4A-4E84-BDA5-EA9C35A60120}.Debug|Any CPU.ActiveCfg = Debug|Any CPU
		{CBC8783F-0D4A-4E84-BDA5-EA9C35A60120}.Debug|Any CPU.Build.0 = Debug|Any CPU
		{CBC8783F-0D4A-4E84-BDA5-EA9C35A60120}.Release|Any CPU.ActiveCfg = Release|Any CPU
		{CBC8783F-0D4A-4E84-BDA5-EA9C35A60120}.Release|Any CPU.Build.0 = Release|Any CPU
		{5F94D830-B0D0-4C6E-8B51-F6D34063F8A9}.Debug|Any CPU.ActiveCfg = Debug|Any CPU
		{5F94D830-B0D0-4C6E-8B51-F6D34063F8A9}.Debug|Any CPU.Build.0 = Debug|Any CPU
		{5F94D830-B0D0-4C6E-8B51-F6D34063F8A9}.Release|Any CPU.ActiveCfg = Release|Any CPU
		{5F94D830-B0D0-4C6E-8B51-F6D34063F8A9}.Release|Any CPU.Build.0 = Release|Any CPU
		{BC888449-DD6E-4017-9A85-8A29B57CD953}.Debug|Any CPU.ActiveCfg = Debug|Any CPU
		{BC888449-DD6E-4017-9A85-8A29B57CD953}.Debug|Any CPU.Build.0 = Debug|Any CPU
		{BC888449-DD6E-4017-9A85-8A29B57CD953}.Release|Any CPU.ActiveCfg = Release|Any CPU
		{BC888449-DD6E-4017-9A85-8A29B57CD953}.Release|Any CPU.Build.0 = Release|Any CPU
		{07A024FD-F029-4A8D-A1DE-CB7AFAA6CEA9}.Debug|Any CPU.ActiveCfg = Debug|Any CPU
		{07A024FD-F029-4A8D-A1DE-CB7AFAA6CEA9}.Debug|Any CPU.Build.0 = Debug|Any CPU
		{07A024FD-F029-4A8D-A1DE-CB7AFAA6CEA9}.Release|Any CPU.ActiveCfg = Release|Any CPU
		{07A024FD-F029-4A8D-A1DE-CB7AFAA6CEA9}.Release|Any CPU.Build.0 = Release|Any CPU
		{0306A795-2D59-4F25-9377-73D7AF7454C9}.Debug|Any CPU.ActiveCfg = Debug|Any CPU
		{0306A795-2D59-4F25-9377-73D7AF7454C9}.Debug|Any CPU.Build.0 = Debug|Any CPU
		{0306A795-2D59-4F25-9377-73D7AF7454C9}.Release|Any CPU.ActiveCfg = Release|Any CPU
		{0306A795-2D59-4F25-9377-73D7AF7454C9}.Release|Any CPU.Build.0 = Release|Any CPU
		{B067EC59-45F2-4EAA-BE5E-61E2008CE775}.Debug|Any CPU.ActiveCfg = Debug|Any CPU
		{B067EC59-45F2-4EAA-BE5E-61E2008CE775}.Debug|Any CPU.Build.0 = Debug|Any CPU
		{B067EC59-45F2-4EAA-BE5E-61E2008CE775}.Release|Any CPU.ActiveCfg = Release|Any CPU
		{B067EC59-45F2-4EAA-BE5E-61E2008CE775}.Release|Any CPU.Build.0 = Release|Any CPU
		{C6887E58-C374-436B-9150-945A64945020}.Debug|Any CPU.ActiveCfg = Debug|Any CPU
		{C6887E58-C374-436B-9150-945A64945020}.Debug|Any CPU.Build.0 = Debug|Any CPU
		{C6887E58-C374-436B-9150-945A64945020}.Release|Any CPU.ActiveCfg = Release|Any CPU
		{C6887E58-C374-436B-9150-945A64945020}.Release|Any CPU.Build.0 = Release|Any CPU
		{7E266869-6C5C-4FBC-8048-9689905F2839}.Debug|Any CPU.ActiveCfg = Debug|Any CPU
		{7E266869-6C5C-4FBC-8048-9689905F2839}.Debug|Any CPU.Build.0 = Debug|Any CPU
		{7E266869-6C5C-4FBC-8048-9689905F2839}.Release|Any CPU.ActiveCfg = Release|Any CPU
		{7E266869-6C5C-4FBC-8048-9689905F2839}.Release|Any CPU.Build.0 = Release|Any CPU
		{7959B5BD-85C6-4826-A40F-56BA9CB7B027}.Debug|Any CPU.ActiveCfg = Debug|Any CPU
		{7959B5BD-85C6-4826-A40F-56BA9CB7B027}.Debug|Any CPU.Build.0 = Debug|Any CPU
		{7959B5BD-85C6-4826-A40F-56BA9CB7B027}.Release|Any CPU.ActiveCfg = Release|Any CPU
		{7959B5BD-85C6-4826-A40F-56BA9CB7B027}.Release|Any CPU.Build.0 = Release|Any CPU
		{84806C28-C2BE-45C8-AF1C-1E244B9FDADF}.Debug|Any CPU.ActiveCfg = Debug|Any CPU
		{84806C28-C2BE-45C8-AF1C-1E244B9FDADF}.Debug|Any CPU.Build.0 = Debug|Any CPU
		{84806C28-C2BE-45C8-AF1C-1E244B9FDADF}.Release|Any CPU.ActiveCfg = Release|Any CPU
		{84806C28-C2BE-45C8-AF1C-1E244B9FDADF}.Release|Any CPU.Build.0 = Release|Any CPU
		{5C8F6E74-365E-47E7-957E-824C677BF5D4}.Debug|Any CPU.ActiveCfg = Debug|Any CPU
		{5C8F6E74-365E-47E7-957E-824C677BF5D4}.Debug|Any CPU.Build.0 = Debug|Any CPU
		{5C8F6E74-365E-47E7-957E-824C677BF5D4}.Release|Any CPU.ActiveCfg = Release|Any CPU
		{5C8F6E74-365E-47E7-957E-824C677BF5D4}.Release|Any CPU.Build.0 = Release|Any CPU
		{8A7E2DA4-49E4-45E2-8F9D-BF21DB83255D}.Debug|Any CPU.ActiveCfg = Debug|Any CPU
		{8A7E2DA4-49E4-45E2-8F9D-BF21DB83255D}.Debug|Any CPU.Build.0 = Debug|Any CPU
		{8A7E2DA4-49E4-45E2-8F9D-BF21DB83255D}.Release|Any CPU.ActiveCfg = Release|Any CPU
		{8A7E2DA4-49E4-45E2-8F9D-BF21DB83255D}.Release|Any CPU.Build.0 = Release|Any CPU
		{0B90B95C-FEC5-4185-BC1C-359C1AD9F947}.Debug|Any CPU.ActiveCfg = Debug|Any CPU
		{0B90B95C-FEC5-4185-BC1C-359C1AD9F947}.Debug|Any CPU.Build.0 = Debug|Any CPU
		{0B90B95C-FEC5-4185-BC1C-359C1AD9F947}.Release|Any CPU.ActiveCfg = Release|Any CPU
		{0B90B95C-FEC5-4185-BC1C-359C1AD9F947}.Release|Any CPU.Build.0 = Release|Any CPU
		{AF056BDA-C12A-4D27-8BD5-ADF755BE4ED2}.Debug|Any CPU.ActiveCfg = Debug|Any CPU
		{AF056BDA-C12A-4D27-8BD5-ADF755BE4ED2}.Debug|Any CPU.Build.0 = Debug|Any CPU
		{AF056BDA-C12A-4D27-8BD5-ADF755BE4ED2}.Release|Any CPU.ActiveCfg = Release|Any CPU
		{AF056BDA-C12A-4D27-8BD5-ADF755BE4ED2}.Release|Any CPU.Build.0 = Release|Any CPU
		{01147252-41E3-442D-B5B5-9B84BF3DAF25}.Debug|Any CPU.ActiveCfg = Debug|Any CPU
		{01147252-41E3-442D-B5B5-9B84BF3DAF25}.Debug|Any CPU.Build.0 = Debug|Any CPU
		{01147252-41E3-442D-B5B5-9B84BF3DAF25}.Release|Any CPU.ActiveCfg = Release|Any CPU
		{01147252-41E3-442D-B5B5-9B84BF3DAF25}.Release|Any CPU.Build.0 = Release|Any CPU
		{9EC30E75-BE6F-446C-BDE6-23CA61D99E27}.Debug|Any CPU.ActiveCfg = Debug|Any CPU
		{9EC30E75-BE6F-446C-BDE6-23CA61D99E27}.Debug|Any CPU.Build.0 = Debug|Any CPU
		{9EC30E75-BE6F-446C-BDE6-23CA61D99E27}.Release|Any CPU.ActiveCfg = Release|Any CPU
		{9EC30E75-BE6F-446C-BDE6-23CA61D99E27}.Release|Any CPU.Build.0 = Release|Any CPU
		{F503B352-92D6-42C0-BCDB-20179B4A7D5B}.Debug|Any CPU.ActiveCfg = Debug|Any CPU
		{F503B352-92D6-42C0-BCDB-20179B4A7D5B}.Debug|Any CPU.Build.0 = Debug|Any CPU
		{F503B352-92D6-42C0-BCDB-20179B4A7D5B}.Release|Any CPU.ActiveCfg = Release|Any CPU
		{F503B352-92D6-42C0-BCDB-20179B4A7D5B}.Release|Any CPU.Build.0 = Release|Any CPU
	EndGlobalSection
	GlobalSection(SolutionProperties) = preSolution
		HideSolutionNode = FALSE
	EndGlobalSection
	GlobalSection(NestedProjects) = preSolution
		{9FF05472-F87D-4E54-B632-3921EA30B315} = {CEFC2A28-F123-43AF-9112-BF70A2EF761B}
		{A1B2BA47-D91E-4276-9780-C7109537081E} = {4C483D6C-63D8-455A-BE19-F5DDFE7A4723}
		{357ECAD8-AAE6-4DB1-AD64-2ECBCC6305A6} = {CF24956A-8976-48D3-91C5-69D075E435ED}
		{CBC8783F-0D4A-4E84-BDA5-EA9C35A60120} = {CF24956A-8976-48D3-91C5-69D075E435ED}
		{5F94D830-B0D0-4C6E-8B51-F6D34063F8A9} = {E460ABCE-FF51-43F5-BFA7-0ACE483D4DFB}
		{BC888449-DD6E-4017-9A85-8A29B57CD953} = {4C483D6C-63D8-455A-BE19-F5DDFE7A4723}
		{CF24956A-8976-48D3-91C5-69D075E435ED} = {3706EC39-1AE0-48D8-BFC2-7A62151B6A86}
		{E460ABCE-FF51-43F5-BFA7-0ACE483D4DFB} = {3706EC39-1AE0-48D8-BFC2-7A62151B6A86}
		{B067EC59-45F2-4EAA-BE5E-61E2008CE775} = {4C483D6C-63D8-455A-BE19-F5DDFE7A4723}
		{1840D3E1-4B9B-4CFB-AD6F-4491A9D60E23} = {3706EC39-1AE0-48D8-BFC2-7A62151B6A86}
		{C6887E58-C374-436B-9150-945A64945020} = {1840D3E1-4B9B-4CFB-AD6F-4491A9D60E23}
		{7E266869-6C5C-4FBC-8048-9689905F2839} = {4C483D6C-63D8-455A-BE19-F5DDFE7A4723}
		{95219F22-6C3C-4499-A018-70B4CA2A3388} = {3706EC39-1AE0-48D8-BFC2-7A62151B6A86}
		{7959B5BD-85C6-4826-A40F-56BA9CB7B027} = {95219F22-6C3C-4499-A018-70B4CA2A3388}
		{84806C28-C2BE-45C8-AF1C-1E244B9FDADF} = {4C483D6C-63D8-455A-BE19-F5DDFE7A4723}
		{0317A63B-1A7C-40FB-A2EF-92FFF9170B86} = {3706EC39-1AE0-48D8-BFC2-7A62151B6A86}
		{5C8F6E74-365E-47E7-957E-824C677BF5D4} = {0317A63B-1A7C-40FB-A2EF-92FFF9170B86}
		{EBDD024B-707A-47A1-AB90-256C191EEE72} = {3706EC39-1AE0-48D8-BFC2-7A62151B6A86}
		{0B90B95C-FEC5-4185-BC1C-359C1AD9F947} = {EBDD024B-707A-47A1-AB90-256C191EEE72}
		{AF056BDA-C12A-4D27-8BD5-ADF755BE4ED2} = {4C483D6C-63D8-455A-BE19-F5DDFE7A4723}
		{01147252-41E3-442D-B5B5-9B84BF3DAF25} = {0317A63B-1A7C-40FB-A2EF-92FFF9170B86}
		{9EC30E75-BE6F-446C-BDE6-23CA61D99E27} = {0317A63B-1A7C-40FB-A2EF-92FFF9170B86}
	EndGlobalSection
	GlobalSection(ExtensibilityGlobals) = postSolution
		SolutionGuid = {3CD16209-47E6-4B9F-87A9-214E6E65EF55}
	EndGlobalSection
EndGlobal
